# Generated by move; do not edit
# This file should be checked in.

[move]
version = 4

[pinned.mainnet.BucketFramework]
source = { local = "../v1-core/framework" }
use_environment = "mainnet"
manifest_digest = "E41BBD67BE8940D26C79D78B028477EF5B33BA217A1282C78ACB344CF8A5ECF6"
deps = { std = "MoveStdlib", sui = "Sui" }

[pinned.mainnet.BucketOracle]
source = { git = "https://github.com/Bucket-Protocol/oracle.git", subdir = ".", rev = "a8f46cd5920fe7eb62b8707cfd344951ffde63e9" }
use_environment = "mainnet"
manifest_digest = "DCB8859D06B1F4DF885C0BBC91C1E9A94A1B3479EC998E341C0865200FFFC4EC"
deps = { Pyth = "Pyth", Sui = "Sui_1", SupraOracle = "SupraOracle", SwitchboardStdLib = "SwitchboardStdLib" }

[pinned.mainnet.BucketPeriphery]
source = { root = true }
use_environment = "mainnet"
manifest_digest = "66E514539C275143A86546E076D46045D4D1C75DC576DC30DE8C3A407034B43A"
deps = { BucketProtocol = "BucketProtocol", StrapFountain = "StrapFountain", std = "MoveStdlib", sui = "Sui" }

[pinned.mainnet.BucketProtocol]
source = { local = "../v1-core/protocol" }
use_environment = "mainnet"
manifest_digest = "5985B87A4DF270DAFCF2E607BC9F42440B5CC81D48F9E999C4A698257ACE0ED1"
deps = { BucketFramework = "BucketFramework", BucketOracle = "BucketOracle", Flask = "Flask", std = "MoveStdlib", sui = "Sui" }

[pinned.mainnet.Flask]
source = { local = "../v1-core/flask" }
use_environment = "mainnet"
manifest_digest = "E41BBD67BE8940D26C79D78B028477EF5B33BA217A1282C78ACB344CF8A5ECF6"
deps = { std = "MoveStdlib", sui = "Sui" }

[pinned.mainnet.MoveStdlib]
source = { git = "https://github.com/MystenLabs/sui.git", subdir = "crates/sui-framework/packages/move-stdlib", rev = "367fd808279bed26f7c64fc63160062a2ee29ab7" }
use_environment = "mainnet"
manifest_digest = "C4FE4C91DE74CBF223B2E380AE40F592177D21870DC2D7EB6227D2D694E05363"
deps = {}

[pinned.mainnet.MoveStdlib_1]
source = { git = "https://github.com/MystenLabs/sui.git", subdir = "crates/sui-framework/packages/move-stdlib", rev = "14bf3e318215db21415c7c0ab0c01cf8d7ef594a" }
use_environment = "mainnet"
manifest_digest = "C4FE4C91DE74CBF223B2E380AE40F592177D21870DC2D7EB6227D2D694E05363"
deps = {}

[pinned.mainnet.Pyth]
source = { git = "https://github.com/Bucket-Protocol/oracle.git", subdir = "partners/pyth", rev = "a8f46cd5920fe7eb62b8707cfd344951ffde63e9" }
use_environment = "mainnet"
manifest_digest = "45732C64D40E4253420AC82A0AA7F1DBFFD1A857452BB715212EBCF4295FBA32"
deps = { Sui = "Sui_1", Wormhole = "Wormhole" }

[pinned.mainnet.StrapFountain]
source = { local = "../strap-fountain" }
use_environment = "mainnet"
manifest_digest = "4E6D76A7F664F0BC4841AE64A56C85D8223984832D89330C7D716D9CE51DC970"
deps = { BucketProtocol = "BucketProtocol", std = "MoveStdlib", sui = "Sui" }

[pinned.mainnet.Sui]
source = { git = "https://github.com/MystenLabs/sui.git", subdir = "crates/sui-framework/packages/sui-framework", rev = "367fd808279bed26f7c64fc63160062a2ee29ab7" }
use_environment = "mainnet"
manifest_digest = "CD547CB1ACCE0880C835DAED2D8FFCB91D56C833AE5240D3AA5B918398263195"
deps = { MoveStdlib = "MoveStdlib" }

[pinned.mainnet.Sui_1]
source = { git = "https://github.com/MystenLabs/sui.git", subdir = "crates/sui-framework/packages/sui-framework", rev = "14bf3e318215db21415c7c0ab0c01cf8d7ef594a" }
use_environment = "mainnet"
manifest_digest = "CD547CB1ACCE0880C835DAED2D8FFCB91D56C833AE5240D3AA5B918398263195"
deps = { MoveStdlib = "MoveStdlib_1" }

[pinned.mainnet.SupraOracle]
source = { git = "https://github.com/Bucket-Protocol/oracle.git", subdir = "partners/supra", rev = "a8f46cd5920fe7eb62b8707cfd344951ffde63e9" }
use_environment = "mainnet"
manifest_digest = "BA49968BFF7C4A4D9F013B59535CF8B89D935A7C6D63C121606B1FE844829B72"
deps = { Sui = "Sui_1" }

[pinned.mainnet.SwitchboardStdLib]
source = { git = "https://github.com/Bucket-Protocol/oracle.git", subdir = "partners/switchboard", rev = "a8f46cd5920fe7eb62b8707cfd344951ffde63e9" }
use_environment = "mainnet"
manifest_digest = "C5C3FEC3A0982B698C1B0DDD6AD482E8718D7C0AAE1342305414B849122D2EA4"
deps = { MoveStdlib = "MoveStdlib_1", Sui = "Sui_1" }

[pinned.mainnet.Wormhole]
source = { git = "https://github.com/Bucket-Protocol/oracle.git", subdir = "partners/pyth/wormhole", rev = "a8f46cd5920fe7eb62b8707cfd344951ffde63e9" }
use_environment = "mainnet"
manifest_digest = "BA49968BFF7C4A4D9F013B59535CF8B89D935A7C6D63C121606B1FE844829B72"
deps = { Sui = "Sui_1" }
